
Microsoft Visual Studio Solution File, Format Version 12.00
# Visual Studio Version 16
VisualStudioVersion = 16.0.32228.343
MinimumVisualStudioVersion = 10.0.40219.1
Project("{9A19103F-16F7-4668-BE54-9A1E7A4F7556}") = "uPhoriaClientAPI", "uPhoriaClientAPI\uPhoriaClientAPI.csproj", "{7EC0A6E7-E74D-4A75-99E8-074F974EA664}"
EndProject
Global
	GlobalSection(SolutionConfigurationPlatforms) = preSolution
		Debug|Any CPU = Debug|Any CPU
		Release|Any CPU = Release|Any CPU
	EndGlobalSection
	GlobalSection(ProjectConfigurationPlatforms) = postSolution
		{7EC0A6E7-E74D-4A75-99E8-074F974EA664}.Debug|Any CPU.ActiveCfg = Debug|Any CPU
		{7EC0A6E7-E74D-4A75-99E8-074F974EA664}.Debug|Any CPU.Build.0 = Debug|Any CPU
		{7EC0A6E7-E74D-4A75-99E8-074F974EA664}.Release|Any CPU.ActiveCfg = Release|Any CPU
		{7EC0A6E7-E74D-4A75-99E8-074F974EA664}.Release|Any CPU.Build.0 = Release|Any CPU
	EndGlobalSection
	GlobalSection(SolutionProperties) = preSolution
		HideSolutionNode = FALSE
	EndGlobalSection
	GlobalSection(ExtensibilityGlobals) = postSolution
		SolutionGuid = {04EC5D67-0B1C-4F31-9B2F-760F8FCFDE35}
	EndGlobalSection
EndGlobal
